
Microsoft Visual Studio Solution File, Format Version 12.00
# Visual Studio 15
Project("{FAE04EC0-301F-11D3-BF4B-00C04F79EFBC}") = "Assembly-CSharp", "Assembly-CSharp.csproj", "{D41DC95B-17D9-CFA9-4830-05A07184568A}"
EndProject
Project("{FAE04EC0-301F-11D3-BF4B-00C04F79EFBC}") = "Assembly-CSharp-Editor", "Assembly-CSharp-Editor.csproj", "{DA8E002D-5353-AFD4-1593-AEE9B0E8C892}"
EndProject
Global
	GlobalSection(SolutionConfigurationPlatforms) = preSolution
		Debug|Any CPU = Debug|Any CPU
		Release|Any CPU = Release|Any CPU
	EndGlobalSection
	GlobalSection(ProjectConfigurationPlatforms) = postSolution
		{D41DC95B-17D9-CFA9-4830-05A07184568A}.Debug|Any CPU.ActiveCfg = Debug|Any CPU
		{D41DC95B-17D9-CFA9-4830-05A07184568A}.Debug|Any CPU.Build.0 = Debug|Any CPU
		{D41DC95B-17D9-CFA9-4830-05A07184568A}.Release|Any CPU.ActiveCfg = Release|Any CPU
		{D41DC95B-17D9-CFA9-4830-05A07184568A}.Release|Any CPU.Build.0 = Release|Any CPU
		{DA8E002D-5353-AFD4-1593-AEE9B0E8C892}.Debug|Any CPU.ActiveCfg = Debug|Any CPU
		{DA8E002D-5353-AFD4-1593-AEE9B0E8C892}.Debug|Any CPU.Build.0 = Debug|Any CPU
		{DA8E002D-5353-AFD4-1593-AEE9B0E8C892}.Release|Any CPU.ActiveCfg = Release|Any CPU
		{DA8E002D-5353-AFD4-1593-AEE9B0E8C892}.Release|Any CPU.Build.0 = Release|Any CPU
	EndGlobalSection
	GlobalSection(SolutionProperties) = preSolution
		HideSolutionNode = FALSE
	EndGlobalSection
EndGlobal
